
Microsoft Visual Studio Solution File, Format Version 12.00
# Visual Studio Version 16
VisualStudioVersion = 16.0.30413.136
MinimumVisualStudioVersion = 10.0.40219.1
Project("{8BC9CEB8-8B4A-11D0-8D11-00A0C91BC942}") = "OpenGl", "OpenGl.vcxproj", "{2F1E3571-8C81-495A-A096-CCB0F16FB570}"
EndProject
Global
	GlobalSection(SolutionConfigurationPlatforms) = preSolution
		Debug|x64 = Debug|x64
		Debug|x86 = Debug|x86
		Release|x64 = Release|x64
		Release|x86 = Release|x86
	EndGlobalSection
	GlobalSection(ProjectConfigurationPlatforms) = postSolution
		{2F1E3571-8C81-495A-A096-CCB0F16FB570}.Debug|x64.ActiveCfg = Debug|x64
		{2F1E3571-8C81-495A-A096-CCB0F16FB570}.Debug|x64.Build.0 = Debug|x64
		{2F1E3571-8C81-495A-A096-CCB0F16FB570}.Debug|x86.ActiveCfg = Debug|Win32
		{2F1E3571-8C81-495A-A096-CCB0F16FB570}.Debug|x86.Build.0 = Debug|Win32
		{2F1E3571-8C81-495A-A096-CCB0F16FB570}.Release|x64.ActiveCfg = Release|x64
		{2F1E3571-8C81-495A-A096-CCB0F16FB570}.Release|x64.Build.0 = Release|x64
		{2F1E3571-8C81-495A-A096-CCB0F16FB570}.Release|x86.ActiveCfg = Release|Win32
		{2F1E3571-8C81-495A-A096-CCB0F16FB570}.Release|x86.Build.0 = Release|Win32
	EndGlobalSection
	GlobalSection(SolutionProperties) = preSolution
		HideSolutionNode = FALSE
	EndGlobalSection
	GlobalSection(ExtensibilityGlobals) = postSolution
		SolutionGuid = {866407CB-E731-4059-B745-9ABEB98CB782}
	EndGlobalSection
EndGlobal
